
Microsoft Visual Studio Solution File, Format Version 12.00
# Visual Studio Version 16
VisualStudioVersion = 16.0.30907.101
MinimumVisualStudioVersion = 10.0.40219.1
Project("{9A19103F-16F7-4668-BE54-9A1E7A4F7556}") = "Calculator", "Calculator.csproj", "{9CAFBC17-B4F3-4B51-AC27-D09756EB6A68}"
EndProject
Project("{FAE04EC0-301F-11D3-BF4B-00C04F79EFBC}") = "Calculator.Test.Unit", "..\Calculator.Test.Unit\Calculator.Test.Unit.csproj", "{59A4AE77-7089-40D8-82E3-20BD74503C68}"
EndProject
Global
	GlobalSection(SolutionConfigurationPlatforms) = preSolution
		Debug|Any CPU = Debug|Any CPU
		Release|Any CPU = Release|Any CPU
	EndGlobalSection
	GlobalSection(ProjectConfigurationPlatforms) = postSolution
		{9CAFBC17-B4F3-4B51-AC27-D09756EB6A68}.Debug|Any CPU.ActiveCfg = Debug|Any CPU
		{9CAFBC17-B4F3-4B51-AC27-D09756EB6A68}.Debug|Any CPU.Build.0 = Debug|Any CPU
		{9CAFBC17-B4F3-4B51-AC27-D09756EB6A68}.Release|Any CPU.ActiveCfg = Release|Any CPU
		{9CAFBC17-B4F3-4B51-AC27-D09756EB6A68}.Release|Any CPU.Build.0 = Release|Any CPU
		{59A4AE77-7089-40D8-82E3-20BD74503C68}.Debug|Any CPU.ActiveCfg = Debug|Any CPU
		{59A4AE77-7089-40D8-82E3-20BD74503C68}.Debug|Any CPU.Build.0 = Debug|Any CPU
		{59A4AE77-7089-40D8-82E3-20BD74503C68}.Release|Any CPU.ActiveCfg = Release|Any CPU
		{59A4AE77-7089-40D8-82E3-20BD74503C68}.Release|Any CPU.Build.0 = Release|Any CPU
	EndGlobalSection
	GlobalSection(SolutionProperties) = preSolution
		HideSolutionNode = FALSE
	EndGlobalSection
	GlobalSection(ExtensibilityGlobals) = postSolution
		SolutionGuid = {084B1BC4-85EB-499A-806C-F325615A2DD5}
	EndGlobalSection
EndGlobal
